
Microsoft Visual Studio Solution File, Format Version 12.00
# Visual Studio Version 17
VisualStudioVersion = 17.0.31903.59
MinimumVisualStudioVersion = 10.0.40219.1
Project("{FAE04EC0-301F-11D3-BF4B-00C04F79EFBC}") = "Chronos.API", "Chronos.API\Chronos.API.csproj", "{91EB54D4-5F3F-4E65-B784-E3B579781B17}"
EndProject
Project("{FAE04EC0-301F-11D3-BF4B-00C04F79EFBC}") = "Chronos.Application", "Chronos.Application\Chronos.Application.csproj", "{C37A2FB4-90BC-46C0-A680-6D4E3D74EB71}"
EndProject
Project("{FAE04EC0-301F-11D3-BF4B-00C04F79EFBC}") = "Chronos.Core", "Chronos.Core\Chronos.Core.csproj", "{6A1BAAD7-B76E-4B06-8CF3-93AD1A08AA34}"
EndProject
Project("{FAE04EC0-301F-11D3-BF4B-00C04F79EFBC}") = "Chronos.Infrastructure", "Chronos.Infrastructure\Chronos.Infrastructure.csproj", "{7B24CA50-6177-43A1-92F6-4DC2485ACA2B}"
EndProject
Global
	GlobalSection(SolutionConfigurationPlatforms) = preSolution
		Debug|Any CPU = Debug|Any CPU
		Debug|x64 = Debug|x64
		Debug|x86 = Debug|x86
		Release|Any CPU = Release|Any CPU
		Release|x64 = Release|x64
		Release|x86 = Release|x86
	EndGlobalSection
	GlobalSection(ProjectConfigurationPlatforms) = postSolution
		{91EB54D4-5F3F-4E65-B784-E3B579781B17}.Debug|Any CPU.ActiveCfg = Debug|Any CPU
		{91EB54D4-5F3F-4E65-B784-E3B579781B17}.Debug|Any CPU.Build.0 = Debug|Any CPU
		{91EB54D4-5F3F-4E65-B784-E3B579781B17}.Debug|x64.ActiveCfg = Debug|Any CPU
		{91EB54D4-5F3F-4E65-B784-E3B579781B17}.Debug|x64.Build.0 = Debug|Any CPU
		{91EB54D4-5F3F-4E65-B784-E3B579781B17}.Debug|x86.ActiveCfg = Debug|Any CPU
		{91EB54D4-5F3F-4E65-B784-E3B579781B17}.Debug|x86.Build.0 = Debug|Any CPU
		{91EB54D4-5F3F-4E65-B784-E3B579781B17}.Release|Any CPU.ActiveCfg = Release|Any CPU
		{91EB54D4-5F3F-4E65-B784-E3B579781B17}.Release|Any CPU.Build.0 = Release|Any CPU
		{91EB54D4-5F3F-4E65-B784-E3B579781B17}.Release|x64.ActiveCfg = Release|Any CPU
		{91EB54D4-5F3F-4E65-B784-E3B579781B17}.Release|x64.Build.0 = Release|Any CPU
		{91EB54D4-5F3F-4E65-B784-E3B579781B17}.Release|x86.ActiveCfg = Release|Any CPU
		{91EB54D4-5F3F-4E65-B784-E3B579781B17}.Release|x86.Build.0 = Release|Any CPU
		{C37A2FB4-90BC-46C0-A680-6D4E3D74EB71}.Debug|Any CPU.ActiveCfg = Debug|Any CPU
		{C37A2FB4-90BC-46C0-A680-6D4E3D74EB71}.Debug|Any CPU.Build.0 = Debug|Any CPU
		{C37A2FB4-90BC-46C0-A680-6D4E3D74EB71}.Debug|x64.ActiveCfg = Debug|Any CPU
		{C37A2FB4-90BC-46C0-A680-6D4E3D74EB71}.Debug|x64.Build.0 = Debug|Any CPU
		{C37A2FB4-90BC-46C0-A680-6D4E3D74EB71}.Debug|x86.ActiveCfg = Debug|Any CPU
		{C37A2FB4-90BC-46C0-A680-6D4E3D74EB71}.Debug|x86.Build.0 = Debug|Any CPU
		{C37A2FB4-90BC-46C0-A680-6D4E3D74EB71}.Release|Any CPU.ActiveCfg = Release|Any CPU
		{C37A2FB4-90BC-46C0-A680-6D4E3D74EB71}.Release|Any CPU.Build.0 = Release|Any CPU
		{C37A2FB4-90BC-46C0-A680-6D4E3D74EB71}.Release|x64.ActiveCfg = Release|Any CPU
		{C37A2FB4-90BC-46C0-A680-6D4E3D74EB71}.Release|x64.Build.0 = Release|Any CPU
		{C37A2FB4-90BC-46C0-A680-6D4E3D74EB71}.Release|x86.ActiveCfg = Release|Any CPU
		{C37A2FB4-90BC-46C0-A680-6D4E3D74EB71}.Release|x86.Build.0 = Release|Any CPU
		{6A1BAAD7-B76E-4B06-8CF3-93AD1A08AA34}.Debug|Any CPU.ActiveCfg = Debug|Any CPU
		{6A1BAAD7-B76E-4B06-8CF3-93AD1A08AA34}.Debug|Any CPU.Build.0 = Debug|Any CPU
		{6A1BAAD7-B76E-4B06-8CF3-93AD1A08AA34}.Debug|x64.ActiveCfg = Debug|Any CPU
		{6A1BAAD7-B76E-4B06-8CF3-93AD1A08AA34}.Debug|x64.Build.0 = Debug|Any CPU
		{6A1BAAD7-B76E-4B06-8CF3-93AD1A08AA34}.Debug|x86.ActiveCfg = Debug|Any CPU
		{6A1BAAD7-B76E-4B06-8CF3-93AD1A08AA34}.Debug|x86.Build.0 = Debug|Any CPU
		{6A1BAAD7-B76E-4B06-8CF3-93AD1A08AA34}.Release|Any CPU.ActiveCfg = Release|Any CPU
		{6A1BAAD7-B76E-4B06-8CF3-93AD1A08AA34}.Release|Any CPU.Build.0 = Release|Any CPU
		{6A1BAAD7-B76E-4B06-8CF3-93AD1A08AA34}.Release|x64.ActiveCfg = Release|Any CPU
		{6A1BAAD7-B76E-4B06-8CF3-93AD1A08AA34}.Release|x64.Build.0 = Release|Any CPU
		{6A1BAAD7-B76E-4B06-8CF3-93AD1A08AA34}.Release|x86.ActiveCfg = Release|Any CPU
		{6A1BAAD7-B76E-4B06-8CF3-93AD1A08AA34}.Release|x86.Build.0 = Release|Any CPU
		{7B24CA50-6177-43A1-92F6-4DC2485ACA2B}.Debug|Any CPU.ActiveCfg = Debug|Any CPU
		{7B24CA50-6177-43A1-92F6-4DC2485ACA2B}.Debug|Any CPU.Build.0 = Debug|Any CPU
		{7B24CA50-6177-43A1-92F6-4DC2485ACA2B}.Debug|x64.ActiveCfg = Debug|Any CPU
		{7B24CA50-6177-43A1-92F6-4DC2485ACA2B}.Debug|x64.Build.0 = Debug|Any CPU
		{7B24CA50-6177-43A1-92F6-4DC2485ACA2B}.Debug|x86.ActiveCfg = Debug|Any CPU
		{7B24CA50-6177-43A1-92F6-4DC2485ACA2B}.Debug|x86.Build.0 = Debug|Any CPU
		{7B24CA50-6177-43A1-92F6-4DC2485ACA2B}.Release|Any CPU.ActiveCfg = Release|Any CPU
		{7B24CA50-6177-43A1-92F6-4DC2485ACA2B}.Release|Any CPU.Build.0 = Release|Any CPU
		{7B24CA50-6177-43A1-92F6-4DC2485ACA2B}.Release|x64.ActiveCfg = Release|Any CPU
		{7B24CA50-6177-43A1-92F6-4DC2485ACA2B}.Release|x64.Build.0 = Release|Any CPU
		{7B24CA50-6177-43A1-92F6-4DC2485ACA2B}.Release|x86.ActiveCfg = Release|Any CPU
		{7B24CA50-6177-43A1-92F6-4DC2485ACA2B}.Release|x86.Build.0 = Release|Any CPU
	EndGlobalSection
	GlobalSection(SolutionProperties) = preSolution
		HideSolutionNode = FALSE
	EndGlobalSection
EndGlobal
